github.com/DataDrake/abi-wizard v1.0.0 h1:TBrgQhwkSn0lFcfkNlpSR8A4XQF8ZbhIrGRImCKqUIk=
github.com/DataDrake/abi-wizard v1.0.0/go.mod h1:AdJ/+aTe+1qC/hYg1UGBX1b3uancDmv7kMTJp28f6bY=
github.com/DataDrake/abi-wizard v1.0.1 h1:jni+msq6A+s6N+HdxIHxoP5EbVw8qPyFfdvOh7Xz2X8=
github.com/DataDrake/abi-wizard v1.0.1/go.mod h1:AdJ/+aTe+1qC/hYg1UGBX1b3uancDmv7kMTJp28f6bY=
github.com/DataDrake/abi-wizard v1.0.2 h1:xNqpHzE/SvaWEW4k2JYpU+yDzvTfXRBo1/wOP7KXRZI=
github.com/DataDrake/abi-wizard v1.0.2/go.mod h1:AdJ/+aTe+1qC/hYg1UGBX1b3uancDmv7kMTJp28f6bY=
github.com/DataDrake/abi-wizard v1.0.3 h1:eEWySZS5mPZM9xHa/QVh7EAv0KF8CQhlprlaM3T+too=
github.com/DataDrake/abi-wizard v1.0.3/go.mod h1:AdJ/+aTe+1qC/hYg1UGBX1b3uancDmv7kMTJp28f6bY=
github.com/DataDrake/waterlog v1.0.5 h1:+c506dboTQh4MoHHwdVtNa9E8K/3qAM/lieke0mH/mE=
github.com/DataDrake/waterlog v1.0.5/go.mod h1:LUv2H3zT/FSN3SNoK/acxHKEaRjI6d+Sio85BfxNOG8=
github.com/getsolus/libeopkg v0.1.0 h1:dioGos4orWiseugcQJKjX3E4LS2TDtD71BJzI5qLRxw=
github.com/getsolus/libeopkg v0.1.1-0.20201229220908-1a920ce39427 h1:wDNnkBa4zArY5h1ZeYGLq6qdIIEjnKpdsmWSVD+4FME=
github.com/getsolus/libeopkg v0.1.1-0.20201229220908-1a920ce39427/go.mod h1:icOakA4j3f3NmIgRf8+ODZRA8R202hQ+2ZAGhmKEM+0=
github.com/golang/lint v0.0.0-20181217174547-8f45f776aaf1/go.mod h1:tluoj9z5200jBnyusfRPU2LqT6J+DAorxEvtC7LHB+E=
golang.org/x/lint v0.0.0-20181217174547-8f45f776aaf1/go.mod h1:UVdnD1Gm6xHRNCYTkRU2/jEulfH38KcIWyp/GAMgvoE=
golang.org/x/tools v0.0.0-20181221235234-d00ac6d27372/go.mod h1:n7NCudcB/nEzxVGmLbDWY5pfWTLqBcC2KZ6jyYvM4mQ=
