github.com/DataDrake/cli-ng v1.1.0 h1:HEMNTKdLYWYP2y8CHCxTi1qs6nS13GlRWyAecG9fQCY=
github.com/DataDrake/cli-ng v1.1.0/go.mod h1:Q8waj7L8BdRhq6DP0ZlFrqtcwkzYHotewVRcfvRuseU=
github.com/DataDrake/cli-ng v1.1.1-0.20201101062543-bb20aa0eb1a4 h1:IuKRDC5Gu+iePTC7HinavqMnNYMOZXJXpnnIs5ygGDI=
github.com/DataDrake/cli-ng v1.1.1-0.20201101062543-bb20aa0eb1a4/go.mod h1:Q8waj7L8BdRhq6DP0ZlFrqtcwkzYHotewVRcfvRuseU=
github.com/golang/lint v0.0.0-20181217174547-8f45f776aaf1/go.mod h1:tluoj9z5200jBnyusfRPU2LqT6J+DAorxEvtC7LHB+E=
github.com/kisielk/gotool v1.0.0/go.mod h1:XhKaO+MFFWcvkIS/tQcRk01m1F5IRFswLeQ+oQHNcck=
github.com/mattn/kinako v0.0.0-20170717041458-332c0a7e205a/go.mod h1:CdTTBOYzS5E4mWS1N8NWP6AHI19MP0A2B18n3hLzRMk=
golang.org/x/lint v0.0.0-20181217174547-8f45f776aaf1/go.mod h1:UVdnD1Gm6xHRNCYTkRU2/jEulfH38KcIWyp/GAMgvoE=
golang.org/x/tools v0.0.0-20181221235234-d00ac6d27372/go.mod h1:n7NCudcB/nEzxVGmLbDWY5pfWTLqBcC2KZ6jyYvM4mQ=
gopkg.in/check.v1 v0.0.0-20161208181325-20d25e280405/go.mod h1:Co6ibVJAznAaIkqp8huTwlJQCZ016jof/cbN4VW5Yz0=
gopkg.in/yaml.v3 v3.0.0-20210107192922-496545a6307b h1:h8qDotaEPuJATrMmW04NCwg7v22aHH28wwpauUhK9Oo=
gopkg.in/yaml.v3 v3.0.0-20210107192922-496545a6307b/go.mod h1:K4uyk7z7BCEPqu6E+C64Yfv1cQ7kz7rIZviUmN+EgEM=
